
Microsoft Visual Studio Solution File, Format Version 12.00
# Visual Studio 14
VisualStudioVersion = 14.0.25123.0
MinimumVisualStudioVersion = 10.0.40219.1
Project("{FAE04EC0-301F-11D3-BF4B-00C04F79EFBC}") = "CommandConsole", "Console\CommandConsole.csproj", "{4D954188-C3F8-4416-95A3-73020FB29FB9}"
EndProject
Project("{FAE04EC0-301F-11D3-BF4B-00C04F79EFBC}") = "UWP", "Uwp\UWP.csproj", "{0E33DDB3-A4B7-4C27-9A83-2F29E1D6038C}"
EndProject
Project("{FAE04EC0-301F-11D3-BF4B-00C04F79EFBC}") = "CLR", "Clr\CLR.csproj", "{370AF1F6-DEC5-4725-A6D1-3A3BCED22712}"
EndProject
Global
	GlobalSection(SolutionConfigurationPlatforms) = preSolution
		Debug|Any CPU = Debug|Any CPU
		Debug|ARM = Debug|ARM
		Debug|x64 = Debug|x64
		Debug|x86 = Debug|x86
		Release|Any CPU = Release|Any CPU
		Release|ARM = Release|ARM
		Release|x64 = Release|x64
		Release|x86 = Release|x86
	EndGlobalSection
	GlobalSection(ProjectConfigurationPlatforms) = postSolution
		{4D954188-C3F8-4416-95A3-73020FB29FB9}.Debug|Any CPU.ActiveCfg = Debug|Any CPU
		{4D954188-C3F8-4416-95A3-73020FB29FB9}.Debug|Any CPU.Build.0 = Debug|Any CPU
		{4D954188-C3F8-4416-95A3-73020FB29FB9}.Debug|ARM.ActiveCfg = Debug|Any CPU
		{4D954188-C3F8-4416-95A3-73020FB29FB9}.Debug|ARM.Build.0 = Debug|Any CPU
		{4D954188-C3F8-4416-95A3-73020FB29FB9}.Debug|x64.ActiveCfg = Debug|Any CPU
		{4D954188-C3F8-4416-95A3-73020FB29FB9}.Debug|x64.Build.0 = Debug|Any CPU
		{4D954188-C3F8-4416-95A3-73020FB29FB9}.Debug|x86.ActiveCfg = Debug|Any CPU
		{4D954188-C3F8-4416-95A3-73020FB29FB9}.Debug|x86.Build.0 = Debug|Any CPU
		{4D954188-C3F8-4416-95A3-73020FB29FB9}.Release|Any CPU.ActiveCfg = Release|Any CPU
		{4D954188-C3F8-4416-95A3-73020FB29FB9}.Release|Any CPU.Build.0 = Release|Any CPU
		{4D954188-C3F8-4416-95A3-73020FB29FB9}.Release|ARM.ActiveCfg = Release|Any CPU
		{4D954188-C3F8-4416-95A3-73020FB29FB9}.Release|ARM.Build.0 = Release|Any CPU
		{4D954188-C3F8-4416-95A3-73020FB29FB9}.Release|x64.ActiveCfg = Release|Any CPU
		{4D954188-C3F8-4416-95A3-73020FB29FB9}.Release|x64.Build.0 = Release|Any CPU
		{4D954188-C3F8-4416-95A3-73020FB29FB9}.Release|x86.ActiveCfg = Release|Any CPU
		{4D954188-C3F8-4416-95A3-73020FB29FB9}.Release|x86.Build.0 = Release|Any CPU
		{0E33DDB3-A4B7-4C27-9A83-2F29E1D6038C}.Debug|Any CPU.ActiveCfg = Debug|x86
		{0E33DDB3-A4B7-4C27-9A83-2F29E1D6038C}.Debug|Any CPU.Build.0 = Debug|x86
		{0E33DDB3-A4B7-4C27-9A83-2F29E1D6038C}.Debug|Any CPU.Deploy.0 = Debug|x86
		{0E33DDB3-A4B7-4C27-9A83-2F29E1D6038C}.Debug|ARM.ActiveCfg = Debug|ARM
		{0E33DDB3-A4B7-4C27-9A83-2F29E1D6038C}.Debug|ARM.Build.0 = Debug|ARM
		{0E33DDB3-A4B7-4C27-9A83-2F29E1D6038C}.Debug|ARM.Deploy.0 = Debug|ARM
		{0E33DDB3-A4B7-4C27-9A83-2F29E1D6038C}.Debug|x64.ActiveCfg = Debug|x64
		{0E33DDB3-A4B7-4C27-9A83-2F29E1D6038C}.Debug|x64.Build.0 = Debug|x64
		{0E33DDB3-A4B7-4C27-9A83-2F29E1D6038C}.Debug|x64.Deploy.0 = Debug|x64
		{0E33DDB3-A4B7-4C27-9A83-2F29E1D6038C}.Debug|x86.ActiveCfg = Debug|x86
		{0E33DDB3-A4B7-4C27-9A83-2F29E1D6038C}.Debug|x86.Build.0 = Debug|x86
		{0E33DDB3-A4B7-4C27-9A83-2F29E1D6038C}.Debug|x86.Deploy.0 = Debug|x86
		{0E33DDB3-A4B7-4C27-9A83-2F29E1D6038C}.Release|Any CPU.ActiveCfg = Release|x86
		{0E33DDB3-A4B7-4C27-9A83-2F29E1D6038C}.Release|ARM.ActiveCfg = Release|ARM
		{0E33DDB3-A4B7-4C27-9A83-2F29E1D6038C}.Release|ARM.Build.0 = Release|ARM
		{0E33DDB3-A4B7-4C27-9A83-2F29E1D6038C}.Release|ARM.Deploy.0 = Release|ARM
		{0E33DDB3-A4B7-4C27-9A83-2F29E1D6038C}.Release|x64.ActiveCfg = Release|x64
		{0E33DDB3-A4B7-4C27-9A83-2F29E1D6038C}.Release|x64.Build.0 = Release|x64
		{0E33DDB3-A4B7-4C27-9A83-2F29E1D6038C}.Release|x64.Deploy.0 = Release|x64
		{0E33DDB3-A4B7-4C27-9A83-2F29E1D6038C}.Release|x86.ActiveCfg = Release|x86
		{0E33DDB3-A4B7-4C27-9A83-2F29E1D6038C}.Release|x86.Build.0 = Release|x86
		{0E33DDB3-A4B7-4C27-9A83-2F29E1D6038C}.Release|x86.Deploy.0 = Release|x86
		{370AF1F6-DEC5-4725-A6D1-3A3BCED22712}.Debug|Any CPU.ActiveCfg = Debug|Any CPU
		{370AF1F6-DEC5-4725-A6D1-3A3BCED22712}.Debug|Any CPU.Build.0 = Debug|Any CPU
		{370AF1F6-DEC5-4725-A6D1-3A3BCED22712}.Debug|ARM.ActiveCfg = Debug|Any CPU
		{370AF1F6-DEC5-4725-A6D1-3A3BCED22712}.Debug|ARM.Build.0 = Debug|Any CPU
		{370AF1F6-DEC5-4725-A6D1-3A3BCED22712}.Debug|x64.ActiveCfg = Debug|Any CPU
		{370AF1F6-DEC5-4725-A6D1-3A3BCED22712}.Debug|x64.Build.0 = Debug|Any CPU
		{370AF1F6-DEC5-4725-A6D1-3A3BCED22712}.Debug|x86.ActiveCfg = Debug|Any CPU
		{370AF1F6-DEC5-4725-A6D1-3A3BCED22712}.Debug|x86.Build.0 = Debug|Any CPU
		{370AF1F6-DEC5-4725-A6D1-3A3BCED22712}.Release|Any CPU.ActiveCfg = Release|Any CPU
		{370AF1F6-DEC5-4725-A6D1-3A3BCED22712}.Release|Any CPU.Build.0 = Release|Any CPU
		{370AF1F6-DEC5-4725-A6D1-3A3BCED22712}.Release|ARM.ActiveCfg = Release|Any CPU
		{370AF1F6-DEC5-4725-A6D1-3A3BCED22712}.Release|ARM.Build.0 = Release|Any CPU
		{370AF1F6-DEC5-4725-A6D1-3A3BCED22712}.Release|x64.ActiveCfg = Release|Any CPU
		{370AF1F6-DEC5-4725-A6D1-3A3BCED22712}.Release|x64.Build.0 = Release|Any CPU
		{370AF1F6-DEC5-4725-A6D1-3A3BCED22712}.Release|x86.ActiveCfg = Release|Any CPU
		{370AF1F6-DEC5-4725-A6D1-3A3BCED22712}.Release|x86.Build.0 = Release|Any CPU
	EndGlobalSection
	GlobalSection(SolutionProperties) = preSolution
		HideSolutionNode = FALSE
	EndGlobalSection
EndGlobal
